
Microsoft Visual Studio Solution File, Format Version 12.00
# Visual Studio Version 17
VisualStudioVersion = 17.4.33213.308
MinimumVisualStudioVersion = 10.0.40219.1
Project("{9A19103F-16F7-4668-BE54-9A1E7A4F7556}") = "ConsoleApp3", "ConsoleApp3\ConsoleApp3.csproj", "{620AF813-1408-4EB7-9E73-F50CC829E62E}"
EndProject
Project("{FAE04EC0-301F-11D3-BF4B-00C04F79EFBC}") = "ClassLibrary1", "ClassLibrary1\ClassLibrary1.csproj", "{10F64859-7BF8-4A54-A2AC-FAAA42F447AE}"
EndProject
Global
	GlobalSection(SolutionConfigurationPlatforms) = preSolution
		Debug|Any CPU = Debug|Any CPU
		Release|Any CPU = Release|Any CPU
	EndGlobalSection
	GlobalSection(ProjectConfigurationPlatforms) = postSolution
		{620AF813-1408-4EB7-9E73-F50CC829E62E}.Debug|Any CPU.ActiveCfg = Debug|Any CPU
		{620AF813-1408-4EB7-9E73-F50CC829E62E}.Debug|Any CPU.Build.0 = Debug|Any CPU
		{620AF813-1408-4EB7-9E73-F50CC829E62E}.Release|Any CPU.ActiveCfg = Release|Any CPU
		{620AF813-1408-4EB7-9E73-F50CC829E62E}.Release|Any CPU.Build.0 = Release|Any CPU
		{10F64859-7BF8-4A54-A2AC-FAAA42F447AE}.Debug|Any CPU.ActiveCfg = Debug|Any CPU
		{10F64859-7BF8-4A54-A2AC-FAAA42F447AE}.Debug|Any CPU.Build.0 = Debug|Any CPU
		{10F64859-7BF8-4A54-A2AC-FAAA42F447AE}.Release|Any CPU.ActiveCfg = Release|Any CPU
		{10F64859-7BF8-4A54-A2AC-FAAA42F447AE}.Release|Any CPU.Build.0 = Release|Any CPU
	EndGlobalSection
	GlobalSection(SolutionProperties) = preSolution
		HideSolutionNode = FALSE
	EndGlobalSection
	GlobalSection(ExtensibilityGlobals) = postSolution
		SolutionGuid = {9CF32C3D-B8F2-4841-97D8-0A8AA564A096}
	EndGlobalSection
EndGlobal
